
Microsoft Visual Studio Solution File, Format Version 12.00
# Visual Studio 15
VisualStudioVersion = 15.0.27703.2042
MinimumVisualStudioVersion = 10.0.40219.1
Project("{9A19103F-16F7-4668-BE54-9A1E7A4F7556}") = "StudentsXML", "StudentsXML\StudentsXML.csproj", "{BFECD1CB-AEAF-4CE2-8183-36458F8C3B5D}"
EndProject
Project("{9A19103F-16F7-4668-BE54-9A1E7A4F7556}") = "CatalogOfMusicalAlbums", "CatalogOfMusicalAlbums\CatalogOfMusicalAlbums.csproj", "{6E12DECE-F804-4A85-BAF7-5B886CBC9963}"
EndProject
Project("{FAE04EC0-301F-11D3-BF4B-00C04F79EFBC}") = "ProductShopDatabase", "ProductShopDatabase\ProductShopDatabase.csproj", "{C75B3E9F-9231-48C2-94B4-9A2D337BDE07}"
EndProject
Project("{FAE04EC0-301F-11D3-BF4B-00C04F79EFBC}") = "ProductShopDatabase.Data", "ProductShopDatabase.Data\ProductShopDatabase.Data.csproj", "{C06DA83A-A604-4D83-AD3C-94EF29C49D0A}"
EndProject
Project("{FAE04EC0-301F-11D3-BF4B-00C04F79EFBC}") = "ProductShopDatabase.Models", "ProductShopDatabase.Models\ProductShopDatabase.Models.csproj", "{0B3F323F-F642-4B38-8A53-99F585E25704}"
EndProject
Global
	GlobalSection(SolutionConfigurationPlatforms) = preSolution
		Debug|Any CPU = Debug|Any CPU
		Release|Any CPU = Release|Any CPU
	EndGlobalSection
	GlobalSection(ProjectConfigurationPlatforms) = postSolution
		{BFECD1CB-AEAF-4CE2-8183-36458F8C3B5D}.Debug|Any CPU.ActiveCfg = Debug|Any CPU
		{BFECD1CB-AEAF-4CE2-8183-36458F8C3B5D}.Debug|Any CPU.Build.0 = Debug|Any CPU
		{BFECD1CB-AEAF-4CE2-8183-36458F8C3B5D}.Release|Any CPU.ActiveCfg = Release|Any CPU
		{BFECD1CB-AEAF-4CE2-8183-36458F8C3B5D}.Release|Any CPU.Build.0 = Release|Any CPU
		{6E12DECE-F804-4A85-BAF7-5B886CBC9963}.Debug|Any CPU.ActiveCfg = Debug|Any CPU
		{6E12DECE-F804-4A85-BAF7-5B886CBC9963}.Debug|Any CPU.Build.0 = Debug|Any CPU
		{6E12DECE-F804-4A85-BAF7-5B886CBC9963}.Release|Any CPU.ActiveCfg = Release|Any CPU
		{6E12DECE-F804-4A85-BAF7-5B886CBC9963}.Release|Any CPU.Build.0 = Release|Any CPU
		{C75B3E9F-9231-48C2-94B4-9A2D337BDE07}.Debug|Any CPU.ActiveCfg = Debug|Any CPU
		{C75B3E9F-9231-48C2-94B4-9A2D337BDE07}.Debug|Any CPU.Build.0 = Debug|Any CPU
		{C75B3E9F-9231-48C2-94B4-9A2D337BDE07}.Release|Any CPU.ActiveCfg = Release|Any CPU
		{C75B3E9F-9231-48C2-94B4-9A2D337BDE07}.Release|Any CPU.Build.0 = Release|Any CPU
		{C06DA83A-A604-4D83-AD3C-94EF29C49D0A}.Debug|Any CPU.ActiveCfg = Debug|Any CPU
		{C06DA83A-A604-4D83-AD3C-94EF29C49D0A}.Debug|Any CPU.Build.0 = Debug|Any CPU
		{C06DA83A-A604-4D83-AD3C-94EF29C49D0A}.Release|Any CPU.ActiveCfg = Release|Any CPU
		{C06DA83A-A604-4D83-AD3C-94EF29C49D0A}.Release|Any CPU.Build.0 = Release|Any CPU
		{0B3F323F-F642-4B38-8A53-99F585E25704}.Debug|Any CPU.ActiveCfg = Debug|Any CPU
		{0B3F323F-F642-4B38-8A53-99F585E25704}.Debug|Any CPU.Build.0 = Debug|Any CPU
		{0B3F323F-F642-4B38-8A53-99F585E25704}.Release|Any CPU.ActiveCfg = Release|Any CPU
		{0B3F323F-F642-4B38-8A53-99F585E25704}.Release|Any CPU.Build.0 = Release|Any CPU
	EndGlobalSection
	GlobalSection(SolutionProperties) = preSolution
		HideSolutionNode = FALSE
	EndGlobalSection
	GlobalSection(ExtensibilityGlobals) = postSolution
		SolutionGuid = {2E62271F-F9D0-4E86-A1E9-B21EFA1982C6}
	EndGlobalSection
EndGlobal
