
Microsoft Visual Studio Solution File, Format Version 12.00
# Visual Studio 15
VisualStudioVersion = 15.0.27428.2015
MinimumVisualStudioVersion = 10.0.40219.1
Project("{9A19103F-16F7-4668-BE54-9A1E7A4F7556}") = "StartUp", "StartUp\StartUp.csproj", "{0B542546-CE3C-4F05-9BEE-6F5977158E12}"
EndProject
Project("{9A19103F-16F7-4668-BE54-9A1E7A4F7556}") = "P01_StudentSystem", "P01_StudentSystem\P01_StudentSystem.csproj", "{2B14D324-57F9-452C-8A83-0F2661D29A57}"
EndProject
Project("{FAE04EC0-301F-11D3-BF4B-00C04F79EFBC}") = "P03_FootballBetting", "P03_FootballBetting\P03_FootballBetting.csproj", "{CE5103E9-9CD0-4E90-8B16-CD5A8108E463}"
EndProject
Project("{FAE04EC0-301F-11D3-BF4B-00C04F79EFBC}") = "P03_FootballBetting.Data", "P03_FootballBetting.Data\P03_FootballBetting.Data.csproj", "{CBB0A491-424F-4FD7-96BC-D6085AF35ED4}"
EndProject
Project("{FAE04EC0-301F-11D3-BF4B-00C04F79EFBC}") = "P03_FootballBetting.Data.Models", "P03_FootballBetting.Data.Models\P03_FootballBetting.Data.Models.csproj", "{220E8256-6CC2-4E2F-81AA-639EE3CF07D2}"
EndProject
Global
	GlobalSection(SolutionConfigurationPlatforms) = preSolution
		Debug|Any CPU = Debug|Any CPU
		Release|Any CPU = Release|Any CPU
	EndGlobalSection
	GlobalSection(ProjectConfigurationPlatforms) = postSolution
		{0B542546-CE3C-4F05-9BEE-6F5977158E12}.Debug|Any CPU.ActiveCfg = Debug|Any CPU
		{0B542546-CE3C-4F05-9BEE-6F5977158E12}.Debug|Any CPU.Build.0 = Debug|Any CPU
		{0B542546-CE3C-4F05-9BEE-6F5977158E12}.Release|Any CPU.ActiveCfg = Release|Any CPU
		{0B542546-CE3C-4F05-9BEE-6F5977158E12}.Release|Any CPU.Build.0 = Release|Any CPU
		{2B14D324-57F9-452C-8A83-0F2661D29A57}.Debug|Any CPU.ActiveCfg = Debug|Any CPU
		{2B14D324-57F9-452C-8A83-0F2661D29A57}.Debug|Any CPU.Build.0 = Debug|Any CPU
		{2B14D324-57F9-452C-8A83-0F2661D29A57}.Release|Any CPU.ActiveCfg = Release|Any CPU
		{2B14D324-57F9-452C-8A83-0F2661D29A57}.Release|Any CPU.Build.0 = Release|Any CPU
		{CE5103E9-9CD0-4E90-8B16-CD5A8108E463}.Debug|Any CPU.ActiveCfg = Debug|Any CPU
		{CE5103E9-9CD0-4E90-8B16-CD5A8108E463}.Debug|Any CPU.Build.0 = Debug|Any CPU
		{CE5103E9-9CD0-4E90-8B16-CD5A8108E463}.Release|Any CPU.ActiveCfg = Release|Any CPU
		{CE5103E9-9CD0-4E90-8B16-CD5A8108E463}.Release|Any CPU.Build.0 = Release|Any CPU
		{CBB0A491-424F-4FD7-96BC-D6085AF35ED4}.Debug|Any CPU.ActiveCfg = Debug|Any CPU
		{CBB0A491-424F-4FD7-96BC-D6085AF35ED4}.Debug|Any CPU.Build.0 = Debug|Any CPU
		{CBB0A491-424F-4FD7-96BC-D6085AF35ED4}.Release|Any CPU.ActiveCfg = Release|Any CPU
		{CBB0A491-424F-4FD7-96BC-D6085AF35ED4}.Release|Any CPU.Build.0 = Release|Any CPU
		{220E8256-6CC2-4E2F-81AA-639EE3CF07D2}.Debug|Any CPU.ActiveCfg = Debug|Any CPU
		{220E8256-6CC2-4E2F-81AA-639EE3CF07D2}.Debug|Any CPU.Build.0 = Debug|Any CPU
		{220E8256-6CC2-4E2F-81AA-639EE3CF07D2}.Release|Any CPU.ActiveCfg = Release|Any CPU
		{220E8256-6CC2-4E2F-81AA-639EE3CF07D2}.Release|Any CPU.Build.0 = Release|Any CPU
	EndGlobalSection
	GlobalSection(SolutionProperties) = preSolution
		HideSolutionNode = FALSE
	EndGlobalSection
	GlobalSection(ExtensibilityGlobals) = postSolution
		SolutionGuid = {FDC7AD43-3072-4178-81DC-6CC606196C17}
	EndGlobalSection
EndGlobal
