
Microsoft Visual Studio Solution File, Format Version 12.00
# Visual Studio 15
VisualStudioVersion = 15.0.27428.2015
MinimumVisualStudioVersion = 10.0.40219.1
Project("{FAE04EC0-301F-11D3-BF4B-00C04F79EFBC}") = "P02_DatabaseFirst", "P02_DatabaseFirst\P02_DatabaseFirst.csproj", "{6D6E1457-5BD1-41C0-AFC3-20A045328B71}"
EndProject
Global
	GlobalSection(SolutionConfigurationPlatforms) = preSolution
		Debug|Any CPU = Debug|Any CPU
		Release|Any CPU = Release|Any CPU
	EndGlobalSection
	GlobalSection(ProjectConfigurationPlatforms) = postSolution
		{6D6E1457-5BD1-41C0-AFC3-20A045328B71}.Debug|Any CPU.ActiveCfg = Debug|Any CPU
		{6D6E1457-5BD1-41C0-AFC3-20A045328B71}.Debug|Any CPU.Build.0 = Debug|Any CPU
		{6D6E1457-5BD1-41C0-AFC3-20A045328B71}.Release|Any CPU.ActiveCfg = Release|Any CPU
		{6D6E1457-5BD1-41C0-AFC3-20A045328B71}.Release|Any CPU.Build.0 = Release|Any CPU
	EndGlobalSection
	GlobalSection(SolutionProperties) = preSolution
		HideSolutionNode = FALSE
	EndGlobalSection
	GlobalSection(ExtensibilityGlobals) = postSolution
		SolutionGuid = {B2601526-C7F4-46C9-A5A8-40083BFDD8B0}
	EndGlobalSection
EndGlobal
