
Microsoft Visual Studio Solution File, Format Version 12.00
# Visual Studio 15
VisualStudioVersion = 15.0.27130.2026
MinimumVisualStudioVersion = 10.0.40219.1
Project("{FAE04EC0-301F-11D3-BF4B-00C04F79EFBC}") = "BankAccount", "BankAccount\BankAccount.csproj", "{ADE556AB-0A2B-4FE3-B288-C4431E198DF9}"
EndProject
Project("{FAE04EC0-301F-11D3-BF4B-00C04F79EFBC}") = "BankAccountMethods", "BankAccountMethods\BankAccountMethods.csproj", "{C1AC38DD-9C1E-49B6-97BC-86F048802E00}"
EndProject
Project("{FAE04EC0-301F-11D3-BF4B-00C04F79EFBC}") = "TestClient", "TestClient\TestClient.csproj", "{A0BBFE37-4A81-4137-81A3-5221D021EA54}"
EndProject
Project("{FAE04EC0-301F-11D3-BF4B-00C04F79EFBC}") = "TestClientVer2.0", "TestClientVer2.0\TestClientVer2.0.csproj", "{C60288BF-EEE1-4B94-A711-E2D13593DDB3}"
EndProject
Project("{FAE04EC0-301F-11D3-BF4B-00C04F79EFBC}") = "PersonClass", "PersonClass\PersonClass.csproj", "{E312B5DA-D256-42FC-93AF-9CA8D718A28B}"
EndProject
Global
	GlobalSection(SolutionConfigurationPlatforms) = preSolution
		Debug|Any CPU = Debug|Any CPU
		Release|Any CPU = Release|Any CPU
	EndGlobalSection
	GlobalSection(ProjectConfigurationPlatforms) = postSolution
		{ADE556AB-0A2B-4FE3-B288-C4431E198DF9}.Debug|Any CPU.ActiveCfg = Debug|Any CPU
		{ADE556AB-0A2B-4FE3-B288-C4431E198DF9}.Debug|Any CPU.Build.0 = Debug|Any CPU
		{ADE556AB-0A2B-4FE3-B288-C4431E198DF9}.Release|Any CPU.ActiveCfg = Release|Any CPU
		{ADE556AB-0A2B-4FE3-B288-C4431E198DF9}.Release|Any CPU.Build.0 = Release|Any CPU
		{C1AC38DD-9C1E-49B6-97BC-86F048802E00}.Debug|Any CPU.ActiveCfg = Debug|Any CPU
		{C1AC38DD-9C1E-49B6-97BC-86F048802E00}.Debug|Any CPU.Build.0 = Debug|Any CPU
		{C1AC38DD-9C1E-49B6-97BC-86F048802E00}.Release|Any CPU.ActiveCfg = Release|Any CPU
		{C1AC38DD-9C1E-49B6-97BC-86F048802E00}.Release|Any CPU.Build.0 = Release|Any CPU
		{A0BBFE37-4A81-4137-81A3-5221D021EA54}.Debug|Any CPU.ActiveCfg = Debug|Any CPU
		{A0BBFE37-4A81-4137-81A3-5221D021EA54}.Debug|Any CPU.Build.0 = Debug|Any CPU
		{A0BBFE37-4A81-4137-81A3-5221D021EA54}.Release|Any CPU.ActiveCfg = Release|Any CPU
		{A0BBFE37-4A81-4137-81A3-5221D021EA54}.Release|Any CPU.Build.0 = Release|Any CPU
		{C60288BF-EEE1-4B94-A711-E2D13593DDB3}.Debug|Any CPU.ActiveCfg = Debug|Any CPU
		{C60288BF-EEE1-4B94-A711-E2D13593DDB3}.Debug|Any CPU.Build.0 = Debug|Any CPU
		{C60288BF-EEE1-4B94-A711-E2D13593DDB3}.Release|Any CPU.ActiveCfg = Release|Any CPU
		{C60288BF-EEE1-4B94-A711-E2D13593DDB3}.Release|Any CPU.Build.0 = Release|Any CPU
		{E312B5DA-D256-42FC-93AF-9CA8D718A28B}.Debug|Any CPU.ActiveCfg = Debug|Any CPU
		{E312B5DA-D256-42FC-93AF-9CA8D718A28B}.Debug|Any CPU.Build.0 = Debug|Any CPU
		{E312B5DA-D256-42FC-93AF-9CA8D718A28B}.Release|Any CPU.ActiveCfg = Release|Any CPU
		{E312B5DA-D256-42FC-93AF-9CA8D718A28B}.Release|Any CPU.Build.0 = Release|Any CPU
	EndGlobalSection
	GlobalSection(SolutionProperties) = preSolution
		HideSolutionNode = FALSE
	EndGlobalSection
	GlobalSection(ExtensibilityGlobals) = postSolution
		SolutionGuid = {7DA1880B-AD29-4710-9A5F-9B9B4B164269}
	EndGlobalSection
EndGlobal
